// !$*UTF8*$!
{
	archiveVersion = 1;
	classes = {
	};
	objectVersion = 46;
	objects = {

/* Begin PBXBuildFile section */
		A97919B71B6BC8C200AA317D /* PickOvenModel.swift in Sources */ = {isa = PBXBuildFile; fileRef = A97919B61B6BC8C200AA317D /* PickOvenModel.swift */; };
		A9882A6A1B5FDA5B00DA92A5 /* AppDelegate.swift in Sources */ = {isa = PBXBuildFile; fileRef = A9882A691B5FDA5B00DA92A5 /* AppDelegate.swift */; };
		A9882A6C1B5FDA5B00DA92A5 /* MainMenu.swift in Sources */ = {isa = PBXBuildFile; fileRef = A9882A6B1B5FDA5B00DA92A5 /* MainMenu.swift */; };
		A9882A711B5FDA5B00DA92A5 /* Main.storyboard in Resources */ = {isa = PBXBuildFile; fileRef = A9882A6F1B5FDA5B00DA92A5 /* Main.storyboard */; };
		A9882A731B5FDA5B00DA92A5 /* Images.xcassets in Resources */ = {isa = PBXBuildFile; fileRef = A9882A721B5FDA5B00DA92A5 /* Images.xcassets */; };
		A9882A761B5FDA5B00DA92A5 /* LaunchScreen.xib in Resources */ = {isa = PBXBuildFile; fileRef = A9882A741B5FDA5B00DA92A5 /* LaunchScreen.xib */; };
		A9882A821B5FDA5B00DA92A5 /* Lincoln_OvensTests.swift in Sources */ = {isa = PBXBuildFile; fileRef = A9882A811B5FDA5B00DA92A5 /* Lincoln_OvensTests.swift */; };
		A9882AC21B6136DE00DA92A5 /* CapacityCalculator.swift in Sources */ = {isa = PBXBuildFile; fileRef = A9882AC11B6136DE00DA92A5 /* CapacityCalculator.swift */; };
		A9AD6E6B1B67D38800E819DD /* SpecSheetLinks.swift in Sources */ = {isa = PBXBuildFile; fileRef = A9AD6E6A1B67D38800E819DD /* SpecSheetLinks.swift */; };
		A9AD6E6D1B67D41800E819DD /* CapacityCalculatorView.swift in Sources */ = {isa = PBXBuildFile; fileRef = A9AD6E6C1B67D41800E819DD /* CapacityCalculatorView.swift */; };
		A9AD6E6F1B67D42400E819DD /* SpecSheet.swift in Sources */ = {isa = PBXBuildFile; fileRef = A9AD6E6E1B67D42400E819DD /* SpecSheet.swift */; };
		A9AD6E711B67D43200E819DD /* OvenComparison.swift in Sources */ = {isa = PBXBuildFile; fileRef = A9AD6E701B67D43200E819DD /* OvenComparison.swift */; };
		A9AD6EA31B6855B300E819DD /* pdfs.bundle in Resources */ = {isa = PBXBuildFile; fileRef = A9AD6EA21B6855B300E819DD /* pdfs.bundle */; };
		A9AD6EA51B685ED000E819DD /* manitowocfoodservicelogo.png in Resources */ = {isa = PBXBuildFile; fileRef = A9AD6EA41B685ED000E819DD /* manitowocfoodservicelogo.png */; };
		A9AD6EA71B698E5D00E819DD /* ToggleOvensAndProperties.swift in Sources */ = {isa = PBXBuildFile; fileRef = A9AD6EA61B698E5D00E819DD /* ToggleOvensAndProperties.swift */; };
/* End PBXBuildFile section */

/* Begin PBXContainerItemProxy section */
		A9882A7C1B5FDA5B00DA92A5 /* PBXContainerItemProxy */ = {
			isa = PBXContainerItemProxy;
			containerPortal = A9882A5C1B5FDA5B00DA92A5 /* Project object */;
			proxyType = 1;
			remoteGlobalIDString = A9882A631B5FDA5B00DA92A5;
			remoteInfo = "Lincoln Ovens";
		};
/* End PBXContainerItemProxy section */

/* Begin PBXFileReference section */
		A97919B61B6BC8C200AA317D /* PickOvenModel.swift */ = {isa = PBXFileReference; fileEncoding = 4; lastKnownFileType = sourcecode.swift; path = PickOvenModel.swift; sourceTree = "<group>"; };
		A9882A641B5FDA5B00DA92A5 /* Lincoln Ovens.app */ = {isa = PBXFileReference; explicitFileType = wrapper.application; includeInIndex = 0; path = "Lincoln Ovens.app"; sourceTree = BUILT_PRODUCTS_DIR; };
		A9882A681B5FDA5B00DA92A5 /* Info.plist */ = {isa = PBXFileReference; lastKnownFileType = text.plist.xml; path = Info.plist; sourceTree = "<group>"; };
		A9882A691B5FDA5B00DA92A5 /* AppDelegate.swift */ = {isa = PBXFileReference; lastKnownFileType = sourcecode.swift; path = AppDelegate.swift; sourceTree = "<group>"; };
		A9882A6B1B5FDA5B00DA92A5 /* MainMenu.swift */ = {isa = PBXFileReference; lastKnownFileType = sourcecode.swift; path = MainMenu.swift; sourceTree = "<group>"; usesTabs = 1; };
		A9882A701B5FDA5B00DA92A5 /* Base */ = {isa = PBXFileReference; lastKnownFileType = file.storyboard; name = Base; path = Base.lproj/Main.storyboard; sourceTree = "<group>"; };
		A9882A721B5FDA5B00DA92A5 /* Images.xcassets */ = {isa = PBXFileReference; lastKnownFileType = folder.assetcatalog; path = Images.xcassets; sourceTree = "<group>"; };
		A9882A751B5FDA5B00DA92A5 /* Base */ = {isa = PBXFileReference; lastKnownFileType = file.xib; name = Base; path = Base.lproj/LaunchScreen.xib; sourceTree = "<group>"; };
		A9882A7B1B5FDA5B00DA92A5 /* Lincoln OvensTests.xctest */ = {isa = PBXFileReference; explicitFileType = wrapper.cfbundle; includeInIndex = 0; path = "Lincoln OvensTests.xctest"; sourceTree = BUILT_PRODUCTS_DIR; };
		A9882A801B5FDA5B00DA92A5 /* Info.plist */ = {isa = PBXFileReference; lastKnownFileType = text.plist.xml; path = Info.plist; sourceTree = "<group>"; };
		A9882A811B5FDA5B00DA92A5 /* Lincoln_OvensTests.swift */ = {isa = PBXFileReference; lastKnownFileType = sourcecode.swift; path = Lincoln_OvensTests.swift; sourceTree = "<group>"; };
		A9882AC11B6136DE00DA92A5 /* CapacityCalculator.swift */ = {isa = PBXFileReference; fileEncoding = 4; lastKnownFileType = sourcecode.swift; path = CapacityCalculator.swift; sourceTree = "<group>"; };
		A9AD6E6A1B67D38800E819DD /* SpecSheetLinks.swift */ = {isa = PBXFileReference; fileEncoding = 4; lastKnownFileType = sourcecode.swift; path = SpecSheetLinks.swift; sourceTree = "<group>"; };
		A9AD6E6C1B67D41800E819DD /* CapacityCalculatorView.swift */ = {isa = PBXFileReference; fileEncoding = 4; lastKnownFileType = sourcecode.swift; path = CapacityCalculatorView.swift; sourceTree = "<group>"; };
		A9AD6E6E1B67D42400E819DD /* SpecSheet.swift */ = {isa = PBXFileReference; fileEncoding = 4; lastKnownFileType = sourcecode.swift; path = SpecSheet.swift; sourceTree = "<group>"; };
		A9AD6E701B67D43200E819DD /* OvenComparison.swift */ = {isa = PBXFileReference; fileEncoding = 4; lastKnownFileType = sourcecode.swift; path = OvenComparison.swift; sourceTree = "<group>"; };
		A9AD6EA21B6855B300E819DD /* pdfs.bundle */ = {isa = PBXFileReference; lastKnownFileType = "wrapper.plug-in"; path = pdfs.bundle; sourceTree = "<group>"; };
		A9AD6EA41B685ED000E819DD /* manitowocfoodservicelogo.png */ = {isa = PBXFileReference; lastKnownFileType = image.png; path = manitowocfoodservicelogo.png; sourceTree = "<group>"; };
		A9AD6EA61B698E5D00E819DD /* ToggleOvensAndProperties.swift */ = {isa = PBXFileReference; fileEncoding = 4; lastKnownFileType = sourcecode.swift; path = ToggleOvensAndProperties.swift; sourceTree = "<group>"; };
/* End PBXFileReference section */

/* Begin PBXFrameworksBuildPhase section */
		A9882A611B5FDA5B00DA92A5 /* Frameworks */ = {
			isa = PBXFrameworksBuildPhase;
			buildActionMask = 2147483647;
			files = (
			);
			runOnlyForDeploymentPostprocessing = 0;
		};
		A9882A781B5FDA5B00DA92A5 /* Frameworks */ = {
			isa = PBXFrameworksBuildPhase;
			buildActionMask = 2147483647;
			files = (
			);
			runOnlyForDeploymentPostprocessing = 0;
		};
/* End PBXFrameworksBuildPhase section */

/* Begin PBXGroup section */
		A9882A5B1B5FDA5B00DA92A5 = {
			isa = PBXGroup;
			children = (
				A9882A661B5FDA5B00DA92A5 /* Lincoln Ovens */,
				A9882A7E1B5FDA5B00DA92A5 /* Lincoln OvensTests */,
				A9882A651B5FDA5B00DA92A5 /* Products */,
			);
			sourceTree = "<group>";
		};
		A9882A651B5FDA5B00DA92A5 /* Products */ = {
			isa = PBXGroup;
			children = (
				A9882A641B5FDA5B00DA92A5 /* Lincoln Ovens.app */,
				A9882A7B1B5FDA5B00DA92A5 /* Lincoln OvensTests.xctest */,
			);
			name = Products;
			sourceTree = "<group>";
		};
		A9882A661B5FDA5B00DA92A5 /* Lincoln Ovens */ = {
			isa = PBXGroup;
			children = (
				A9AD6EA21B6855B300E819DD /* pdfs.bundle */,
				A9AD6EA41B685ED000E819DD /* manitowocfoodservicelogo.png */,
				A9882A691B5FDA5B00DA92A5 /* AppDelegate.swift */,
				A9882AC11B6136DE00DA92A5 /* CapacityCalculator.swift */,
				A9AD6E6C1B67D41800E819DD /* CapacityCalculatorView.swift */,
				A9882A6B1B5FDA5B00DA92A5 /* MainMenu.swift */,
				A9AD6E701B67D43200E819DD /* OvenComparison.swift */,
				A97919B61B6BC8C200AA317D /* PickOvenModel.swift */,
				A9AD6E6E1B67D42400E819DD /* SpecSheet.swift */,
				A9AD6E6A1B67D38800E819DD /* SpecSheetLinks.swift */,
				A9AD6EA61B698E5D00E819DD /* ToggleOvensAndProperties.swift */,
				A9882A721B5FDA5B00DA92A5 /* Images.xcassets */,
				A9882A741B5FDA5B00DA92A5 /* LaunchScreen.xib */,
				A9882A6F1B5FDA5B00DA92A5 /* Main.storyboard */,
				A9882A671B5FDA5B00DA92A5 /* Supporting Files */,
			);
			path = "Lincoln Ovens";
			sourceTree = "<group>";
		};
		A9882A671B5FDA5B00DA92A5 /* Supporting Files */ = {
			isa = PBXGroup;
			children = (
				A9882A681B5FDA5B00DA92A5 /* Info.plist */,
			);
			name = "Supporting Files";
			sourceTree = "<group>";
		};
		A9882A7E1B5FDA5B00DA92A5 /* Lincoln OvensTests */ = {
			isa = PBXGroup;
			children = (
				A9882A811B5FDA5B00DA92A5 /* Lincoln_OvensTests.swift */,
				A9882A7F1B5FDA5B00DA92A5 /* Supporting Files */,
			);
			path = "Lincoln OvensTests";
			sourceTree = "<group>";
		};
		A9882A7F1B5FDA5B00DA92A5 /* Supporting Files */ = {
			isa = PBXGroup;
			children = (
				A9882A801B5FDA5B00DA92A5 /* Info.plist */,
			);
			name = "Supporting Files";
			sourceTree = "<group>";
		};
/* End PBXGroup section */

/* Begin PBXNativeTarget section */
		A9882A631B5FDA5B00DA92A5 /* Lincoln Ovens */ = {
			isa = PBXNativeTarget;
			buildConfigurationList = A9882A851B5FDA5B00DA92A5 /* Build configuration list for PBXNativeTarget "Lincoln Ovens" */;
			buildPhases = (
				A9882A601B5FDA5B00DA92A5 /* Sources */,
				A9882A611B5FDA5B00DA92A5 /* Frameworks */,
				A9882A621B5FDA5B00DA92A5 /* Resources */,
			);
			buildRules = (
			);
			dependencies = (
			);
			name = "Lincoln Ovens";
			productName = "Lincoln Ovens";
			productReference = A9882A641B5FDA5B00DA92A5 /* Lincoln Ovens.app */;
			productType = "com.apple.product-type.application";
		};
		A9882A7A1B5FDA5B00DA92A5 /* Lincoln OvensTests */ = {
			isa = PBXNativeTarget;
			buildConfigurationList = A9882A881B5FDA5B00DA92A5 /* Build configuration list for PBXNativeTarget "Lincoln OvensTests" */;
			buildPhases = (
				A9882A771B5FDA5B00DA92A5 /* Sources */,
				A9882A781B5FDA5B00DA92A5 /* Frameworks */,
				A9882A791B5FDA5B00DA92A5 /* Resources */,
			);
			buildRules = (
			);
			dependencies = (
				A9882A7D1B5FDA5B00DA92A5 /* PBXTargetDependency */,
			);
			name = "Lincoln OvensTests";
			productName = "Lincoln OvensTests";
			productReference = A9882A7B1B5FDA5B00DA92A5 /* Lincoln OvensTests.xctest */;
			productType = "com.apple.product-type.bundle.unit-test";
		};
/* End PBXNativeTarget section */

/* Begin PBXProject section */
		A9882A5C1B5FDA5B00DA92A5 /* Project object */ = {
			isa = PBXProject;
			attributes = {
				LastUpgradeCheck = 0640;
				ORGANIZATIONNAME = "Manitowoc Foodservice";
				TargetAttributes = {
					A9882A631B5FDA5B00DA92A5 = {
						CreatedOnToolsVersion = 6.4;
					};
					A9882A7A1B5FDA5B00DA92A5 = {
						CreatedOnToolsVersion = 6.4;
						TestTargetID = A9882A631B5FDA5B00DA92A5;
					};
				};
			};
			buildConfigurationList = A9882A5F1B5FDA5B00DA92A5 /* Build configuration list for PBXProject "Lincoln Ovens" */;
			compatibilityVersion = "Xcode 3.2";
			developmentRegion = English;
			hasScannedForEncodings = 0;
			knownRegions = (
				en,
				Base,
			);
			mainGroup = A9882A5B1B5FDA5B00DA92A5;
			productRefGroup = A9882A651B5FDA5B00DA92A5 /* Products */;
			projectDirPath = "";
			projectRoot = "";
			targets = (
				A9882A631B5FDA5B00DA92A5 /* Lincoln Ovens */,
				A9882A7A1B5FDA5B00DA92A5 /* Lincoln OvensTests */,
			);
		};
/* End PBXProject section */

/* Begin PBXResourcesBuildPhase section */
		A9882A621B5FDA5B00DA92A5 /* Resources */ = {
			isa = PBXResourcesBuildPhase;
			buildActionMask = 2147483647;
			files = (
				A9882A711B5FDA5B00DA92A5 /* Main.storyboard in Resources */,
				A9882A761B5FDA5B00DA92A5 /* LaunchScreen.xib in Resources */,
				A9AD6EA51B685ED000E819DD /* manitowocfoodservicelogo.png in Resources */,
				A9AD6EA31B6855B300E819DD /* pdfs.bundle in Resources */,
				A9882A731B5FDA5B00DA92A5 /* Images.xcassets in Resources */,
			);
			runOnlyForDeploymentPostprocessing = 0;
		};
		A9882A791B5FDA5B00DA92A5 /* Resources */ = {
			isa = PBXResourcesBuildPhase;
			buildActionMask = 2147483647;
			files = (
			);
			runOnlyForDeploymentPostprocessing = 0;
		};
/* End PBXResourcesBuildPhase section */

/* Begin PBXSourcesBuildPhase section */
		A9882A601B5FDA5B00DA92A5 /* Sources */ = {
			isa = PBXSourcesBuildPhase;
			buildActionMask = 2147483647;
			files = (
				A9AD6E6B1B67D38800E819DD /* SpecSheetLinks.swift in Sources */,
				A9AD6EA71B698E5D00E819DD /* ToggleOvensAndProperties.swift in Sources */,
				A9882A6C1B5FDA5B00DA92A5 /* MainMenu.swift in Sources */,
				A9882A6A1B5FDA5B00DA92A5 /* AppDelegate.swift in Sources */,
				A9882AC21B6136DE00DA92A5 /* CapacityCalculator.swift in Sources */,
				A9AD6E6F1B67D42400E819DD /* SpecSheet.swift in Sources */,
				A9AD6E711B67D43200E819DD /* OvenComparison.swift in Sources */,
				A9AD6E6D1B67D41800E819DD /* CapacityCalculatorView.swift in Sources */,
				A97919B71B6BC8C200AA317D /* PickOvenModel.swift in Sources */,
			);
			runOnlyForDeploymentPostprocessing = 0;
		};
		A9882A771B5FDA5B00DA92A5 /* Sources */ = {
			isa = PBXSourcesBuildPhase;
			buildActionMask = 2147483647;
			files = (
				A9882A821B5FDA5B00DA92A5 /* Lincoln_OvensTests.swift in Sources */,
			);
			runOnlyForDeploymentPostprocessing = 0;
		};
/* End PBXSourcesBuildPhase section */

/* Begin PBXTargetDependency section */
		A9882A7D1B5FDA5B00DA92A5 /* PBXTargetDependency */ = {
			isa = PBXTargetDependency;
			target = A9882A631B5FDA5B00DA92A5 /* Lincoln Ovens */;
			targetProxy = A9882A7C1B5FDA5B00DA92A5 /* PBXContainerItemProxy */;
		};
/* End PBXTargetDependency section */

/* Begin PBXVariantGroup section */
		A9882A6F1B5FDA5B00DA92A5 /* Main.storyboard */ = {
			isa = PBXVariantGroup;
			children = (
				A9882A701B5FDA5B00DA92A5 /* Base */,
			);
			name = Main.storyboard;
			sourceTree = "<group>";
		};
		A9882A741B5FDA5B00DA92A5 /* LaunchScreen.xib */ = {
			isa = PBXVariantGroup;
			children = (
				A9882A751B5FDA5B00DA92A5 /* Base */,
			);
			name = LaunchScreen.xib;
			sourceTree = "<group>";
		};
/* End PBXVariantGroup section */

/* Begin XCBuildConfiguration section */
		A9882A831B5FDA5B00DA92A5 /* Debug */ = {
			isa = XCBuildConfiguration;
			buildSettings = {
				ALWAYS_SEARCH_USER_PATHS = NO;
				CLANG_CXX_LANGUAGE_STANDARD = "gnu++0x";
				CLANG_CXX_LIBRARY = "libc++";
				CLANG_ENABLE_MODULES = YES;
				CLANG_ENABLE_OBJC_ARC = YES;
				CLANG_WARN_BOOL_CONVERSION = YES;
				CLANG_WARN_CONSTANT_CONVERSION = YES;
				CLANG_WARN_DIRECT_OBJC_ISA_USAGE = YES_ERROR;
				CLANG_WARN_EMPTY_BODY = YES;
				CLANG_WARN_ENUM_CONVERSION = YES;
				CLANG_WARN_INT_CONVERSION = YES;
				CLANG_WARN_OBJC_ROOT_CLASS = YES_ERROR;
				CLANG_WARN_UNREACHABLE_CODE = YES;
				CLANG_WARN__DUPLICATE_METHOD_MATCH = YES;
				"CODE_SIGN_IDENTITY[sdk=iphoneos*]" = "iPhone Developer";
				COPY_PHASE_STRIP = NO;
				DEBUG_INFORMATION_FORMAT = "dwarf-with-dsym";
				ENABLE_STRICT_OBJC_MSGSEND = YES;
				GCC_C_LANGUAGE_STANDARD = gnu99;
				GCC_DYNAMIC_NO_PIC = NO;
				GCC_NO_COMMON_BLOCKS = YES;
				GCC_OPTIMIZATION_LEVEL = 0;
				GCC_PREPROCESSOR_DEFINITIONS = (
					"DEBUG=1",
					"$(inherited)",
				);
				GCC_SYMBOLS_PRIVATE_EXTERN = NO;
				GCC_WARN_64_TO_32_BIT_CONVERSION = YES;
				GCC_WARN_ABOUT_RETURN_TYPE = YES_ERROR;
				GCC_WARN_UNDECLARED_SELECTOR = YES;
				GCC_WARN_UNINITIALIZED_AUTOS = YES_AGGRESSIVE;
				GCC_WARN_UNUSED_FUNCTION = YES;
				GCC_WARN_UNUSED_VARIABLE = YES;
				IPHONEOS_DEPLOYMENT_TARGET = 8.4;
				MTL_ENABLE_DEBUG_INFO = YES;
				ONLY_ACTIVE_ARCH = YES;
				SDKROOT = iphoneos;
				SWIFT_OPTIMIZATION_LEVEL = "-Onone";
				TARGETED_DEVICE_FAMILY = "1,2";
			};
			name = Debug;
		};
		A9882A841B5FDA5B00DA92A5 /* Release */ = {
			isa = XCBuildConfiguration;
			buildSettings = {
				ALWAYS_SEARCH_USER_PATHS = NO;
				CLANG_CXX_LANGUAGE_STANDARD = "gnu++0x";
				CLANG_CXX_LIBRARY = "libc++";
				CLANG_ENABLE_MODULES = YES;
				CLANG_ENABLE_OBJC_ARC = YES;
				CLANG_WARN_BOOL_CONVERSION = YES;
				CLANG_WARN_CONSTANT_CONVERSION = YES;
				CLANG_WARN_DIRECT_OBJC_ISA_USAGE = YES_ERROR;
				CLANG_WARN_EMPTY_BODY = YES;
				CLANG_WARN_ENUM_CONVERSION = YES;
				CLANG_WARN_INT_CONVERSION = YES;
				CLANG_WARN_OBJC_ROOT_CLASS = YES_ERROR;
				CLANG_WARN_UNREACHABLE_CODE = YES;
				CLANG_WARN__DUPLICATE_METHOD_MATCH = YES;
				"CODE_SIGN_IDENTITY[sdk=iphoneos*]" = "iPhone Developer";
				COPY_PHASE_STRIP = NO;
				DEBUG_INFORMATION_FORMAT = "dwarf-with-dsym";
				ENABLE_NS_ASSERTIONS = NO;
				ENABLE_STRICT_OBJC_MSGSEND = YES;
				GCC_C_LANGUAGE_STANDARD = gnu99;
				GCC_NO_COMMON_BLOCKS = YES;
				GCC_WARN_64_TO_32_BIT_CONVERSION = YES;
				GCC_WARN_ABOUT_RETURN_TYPE = YES_ERROR;
				GCC_WARN_UNDECLARED_SELECTOR = YES;
				GCC_WARN_UNINITIALIZED_AUTOS = YES_AGGRESSIVE;
				GCC_WARN_UNUSED_FUNCTION = YES;
				GCC_WARN_UNUSED_VARIABLE = YES;
				IPHONEOS_DEPLOYMENT_TARGET = 8.4;
				MTL_ENABLE_DEBUG_INFO = NO;
				SDKROOT = iphoneos;
				TARGETED_DEVICE_FAMILY = "1,2";
				VALIDATE_PRODUCT = YES;
			};
			name = Release;
		};
		A9882A861B5FDA5B00DA92A5 /* Debug */ = {
			isa = XCBuildConfiguration;
			buildSettings = {
				ASSETCATALOG_COMPILER_APPICON_NAME = AppIcon;
				INFOPLIST_FILE = "Lincoln Ovens/Info.plist";
				LD_RUNPATH_SEARCH_PATHS = "$(inherited) @executable_path/Frameworks";
				PRODUCT_NAME = "$(TARGET_NAME)";
			};
			name = Debug;
		};
		A9882A871B5FDA5B00DA92A5 /* Release */ = {
			isa = XCBuildConfiguration;
			buildSettings = {
				ASSETCATALOG_COMPILER_APPICON_NAME = AppIcon;
				INFOPLIST_FILE = "Lincoln Ovens/Info.plist";
				LD_RUNPATH_SEARCH_PATHS = "$(inherited) @executable_path/Frameworks";
				PRODUCT_NAME = "$(TARGET_NAME)";
			};
			name = Release;
		};
		A9882A891B5FDA5B00DA92A5 /* Debug */ = {
			isa = XCBuildConfiguration;
			buildSettings = {
				BUNDLE_LOADER = "$(TEST_HOST)";
				FRAMEWORK_SEARCH_PATHS = (
					"$(SDKROOT)/Developer/Library/Frameworks",
					"$(inherited)",
				);
				GCC_PREPROCESSOR_DEFINITIONS = (
					"DEBUG=1",
					"$(inherited)",
				);
				INFOPLIST_FILE = "Lincoln OvensTests/Info.plist";
				LD_RUNPATH_SEARCH_PATHS = "$(inherited) @executable_path/Frameworks @loader_path/Frameworks";
				PRODUCT_NAME = "$(TARGET_NAME)";
				TEST_HOST = "$(BUILT_PRODUCTS_DIR)/Lincoln Ovens.app/Lincoln Ovens";
			};
			name = Debug;
		};
		A9882A8A1B5FDA5B00DA92A5 /* Release */ = {
			isa = XCBuildConfiguration;
			buildSettings = {
				BUNDLE_LOADER = "$(TEST_HOST)";
				FRAMEWORK_SEARCH_PATHS = (
					"$(SDKROOT)/Developer/Library/Frameworks",
					"$(inherited)",
				);
				INFOPLIST_FILE = "Lincoln OvensTests/Info.plist";
				LD_RUNPATH_SEARCH_PATHS = "$(inherited) @executable_path/Frameworks @loader_path/Frameworks";
				PRODUCT_NAME = "$(TARGET_NAME)";
				TEST_HOST = "$(BUILT_PRODUCTS_DIR)/Lincoln Ovens.app/Lincoln Ovens";
			};
			name = Release;
		};
/* End XCBuildConfiguration section */

/* Begin XCConfigurationList section */
		A9882A5F1B5FDA5B00DA92A5 /* Build configuration list for PBXProject "Lincoln Ovens" */ = {
			isa = XCConfigurationList;
			buildConfigurations = (
				A9882A831B5FDA5B00DA92A5 /* Debug */,
				A9882A841B5FDA5B00DA92A5 /* Release */,
			);
			defaultConfigurationIsVisible = 0;
			defaultConfigurationName = Release;
		};
		A9882A851B5FDA5B00DA92A5 /* Build configuration list for PBXNativeTarget "Lincoln Ovens" */ = {
			isa = XCConfigurationList;
			buildConfigurations = (
				A9882A861B5FDA5B00DA92A5 /* Debug */,
				A9882A871B5FDA5B00DA92A5 /* Release */,
			);
			defaultConfigurationIsVisible = 0;
			defaultConfigurationName = Release;
		};
		A9882A881B5FDA5B00DA92A5 /* Build configuration list for PBXNativeTarget "Lincoln OvensTests" */ = {
			isa = XCConfigurationList;
			buildConfigurations = (
				A9882A891B5FDA5B00DA92A5 /* Debug */,
				A9882A8A1B5FDA5B00DA92A5 /* Release */,
			);
			defaultConfigurationIsVisible = 0;
			defaultConfigurationName = Release;
		};
/* End XCConfigurationList section */
	};
	rootObject = A9882A5C1B5FDA5B00DA92A5 /* Project object */;
}
